
Microsoft Visual Studio Solution File, Format Version 12.00
# Visual Studio Version 16
VisualStudioVersion = 16.0.30907.101
MinimumVisualStudioVersion = 10.0.40219.1
Project("{FAE04EC0-301F-11D3-BF4B-00C04F79EFBC}") = "stanley01", "Jose01\stanley01.csproj", "{5C98A6C6-5A8A-4EE1-9348-970FDD1E9D72}"
EndProject
Global
	GlobalSection(SolutionConfigurationPlatforms) = preSolution
		Debug|Any CPU = Debug|Any CPU
		Release|Any CPU = Release|Any CPU
	EndGlobalSection
	GlobalSection(ProjectConfigurationPlatforms) = postSolution
		{5C98A6C6-5A8A-4EE1-9348-970FDD1E9D72}.Debug|Any CPU.ActiveCfg = Debug|Any CPU
		{5C98A6C6-5A8A-4EE1-9348-970FDD1E9D72}.Debug|Any CPU.Build.0 = Debug|Any CPU
		{5C98A6C6-5A8A-4EE1-9348-970FDD1E9D72}.Release|Any CPU.ActiveCfg = Release|Any CPU
		{5C98A6C6-5A8A-4EE1-9348-970FDD1E9D72}.Release|Any CPU.Build.0 = Release|Any CPU
	EndGlobalSection
	GlobalSection(SolutionProperties) = preSolution
		HideSolutionNode = FALSE
	EndGlobalSection
	GlobalSection(ExtensibilityGlobals) = postSolution
		SolutionGuid = {29B6F0C0-F175-4CFF-AB93-B46C920AA62E}
	EndGlobalSection
EndGlobal
